
Microsoft Visual Studio Solution File, Format Version 12.00
# Visual Studio 15
VisualStudioVersion = 15.0.27004.2010
MinimumVisualStudioVersion = 10.0.40219.1
Project("{8BC9CEB8-8B4A-11D0-8D11-00A0C91BC942}") = "Veebo", "Veebo.vcxproj", "{0864E5FD-6F5F-4848-B93F-0DFB72A2B8F0}"
EndProject
Project("{54435603-DBB4-11D2-8724-00A0C9A8B90C}") = "Veebo Setup", "..\Veebo Setup\Veebo Setup.vdproj", "{4EF7DD60-F1CA-4258-9E5F-409AEB4D640C}"
EndProject
Global
	GlobalSection(SolutionConfigurationPlatforms) = preSolution
		Debug|x64 = Debug|x64
		Debug|x86 = Debug|x86
		Release|x64 = Release|x64
		Release|x86 = Release|x86
	EndGlobalSection
	GlobalSection(ProjectConfigurationPlatforms) = postSolution
		{0864E5FD-6F5F-4848-B93F-0DFB72A2B8F0}.Debug|x64.ActiveCfg = Debug|x64
		{0864E5FD-6F5F-4848-B93F-0DFB72A2B8F0}.Debug|x64.Build.0 = Debug|x64
		{0864E5FD-6F5F-4848-B93F-0DFB72A2B8F0}.Debug|x86.ActiveCfg = Debug|Win32
		{0864E5FD-6F5F-4848-B93F-0DFB72A2B8F0}.Debug|x86.Build.0 = Debug|Win32
		{0864E5FD-6F5F-4848-B93F-0DFB72A2B8F0}.Release|x64.ActiveCfg = Release|x64
		{0864E5FD-6F5F-4848-B93F-0DFB72A2B8F0}.Release|x64.Build.0 = Release|x64
		{0864E5FD-6F5F-4848-B93F-0DFB72A2B8F0}.Release|x86.ActiveCfg = Release|Win32
		{0864E5FD-6F5F-4848-B93F-0DFB72A2B8F0}.Release|x86.Build.0 = Release|Win32
		{4EF7DD60-F1CA-4258-9E5F-409AEB4D640C}.Debug|x64.ActiveCfg = Debug
		{4EF7DD60-F1CA-4258-9E5F-409AEB4D640C}.Debug|x86.ActiveCfg = Debug
		{4EF7DD60-F1CA-4258-9E5F-409AEB4D640C}.Release|x64.ActiveCfg = Release
		{4EF7DD60-F1CA-4258-9E5F-409AEB4D640C}.Release|x86.ActiveCfg = Release
	EndGlobalSection
	GlobalSection(SolutionProperties) = preSolution
		HideSolutionNode = FALSE
	EndGlobalSection
	GlobalSection(ExtensibilityGlobals) = postSolution
		SolutionGuid = {AFAD40DA-867D-4695-A983-50A2B7294E42}
	EndGlobalSection
EndGlobal
